{
  "pins" : [
    {
      "identity" : "flow",
      "kind" : "remoteSourceControl",
      "location" : "https://github.com/toastersocks/Flow.git",
      "state" : {
        "revision" : "5c1b99acf390ace87006e065b14f9bdcdd27fdbb",
        "version" : "1.2.3"
      }
    },
    {
      "identity" : "mphelpers",
      "kind" : "remoteSourceControl",
      "location" : "https://github.com/skumancer/MPHelpers",
      "state" : {
        "branch" : "main",
        "revision" : "2afaa1b787a36875837da015863eb54d6bce8248"
      }
    }
  ],
  "version" : 2
}
