{
  "originHash" : "a8767a95e0528b07cbdaa96b60187c1faf493c63a0c02d5df46843c8b817d1d3",
  "pins" : [
    {
      "identity" : "flow",
      "kind" : "remoteSourceControl",
      "location" : "https://github.com/toastersocks/Flow.git",
      "state" : {
        "revision" : "d8dfb284137885811e269818aa7b070db1f7b73e",
        "version" : "1.3.1"
      }
    },
    {
      "identity" : "mphelpers",
      "kind" : "remoteSourceControl",
      "location" : "https://github.com/skumancer/MPHelpers/",
      "state" : {
        "branch" : "main",
        "revision" : "a55b49e2ebc94981a6fbd2ad0d261a4b698748aa"
      }
    }
  ],
  "version" : 3
}
